
Microsoft Visual Studio Solution File, Format Version 12.00
# Visual Studio Version 17
VisualStudioVersion = 17.7.34031.279
MinimumVisualStudioVersion = 10.0.40219.1
Project("{9A19103F-16F7-4668-BE54-9A1E7A4F7556}") = "RazorPagesAudios", "RazorPagesAudios.csproj", "{B7BA708B-CED6-46BD-B08C-389B9040F12A}"
EndProject
Project("{2150E333-8FDC-42A3-9474-1A3956D46DE8}") = "Models", "Models", "{4906BCEA-DFA0-4E2C-8FB9-124EB76170E5}"
	ProjectSection(SolutionItems) = preProject
		Audio.cs = Audio.cs
		SeedData.cs = SeedData.cs
	EndProjectSection
EndProject
Global
	GlobalSection(SolutionConfigurationPlatforms) = preSolution
		Debug|Any CPU = Debug|Any CPU
		Release|Any CPU = Release|Any CPU
	EndGlobalSection
	GlobalSection(ProjectConfigurationPlatforms) = postSolution
		{B7BA708B-CED6-46BD-B08C-389B9040F12A}.Debug|Any CPU.ActiveCfg = Debug|Any CPU
		{B7BA708B-CED6-46BD-B08C-389B9040F12A}.Debug|Any CPU.Build.0 = Debug|Any CPU
		{B7BA708B-CED6-46BD-B08C-389B9040F12A}.Release|Any CPU.ActiveCfg = Release|Any CPU
		{B7BA708B-CED6-46BD-B08C-389B9040F12A}.Release|Any CPU.Build.0 = Release|Any CPU
	EndGlobalSection
	GlobalSection(SolutionProperties) = preSolution
		HideSolutionNode = FALSE
	EndGlobalSection
	GlobalSection(ExtensibilityGlobals) = postSolution
		SolutionGuid = {005B3F5E-4121-4BCF-BE51-E9BC2485AB4F}
	EndGlobalSection
EndGlobal
